// !$*UTF8*$!
{
	archiveVersion = 1;
	classes = {
	};
	objectVersion = 50;
	objects = {

/* Begin PBXBuildFile section */
		BC2FCF7525687F4100A053D2 /* CoreDataProjectApp.swift in Sources */ = {isa = PBXBuildFile; fileRef = BC2FCF7425687F4100A053D2 /* CoreDataProjectApp.swift */; };
		BC2FCF7725687F4100A053D2 /* ContentView.swift in Sources */ = {isa = PBXBuildFile; fileRef = BC2FCF7625687F4100A053D2 /* ContentView.swift */; };
		BC2FCF7925687F4400A053D2 /* Assets.xcassets in Resources */ = {isa = PBXBuildFile; fileRef = BC2FCF7825687F4400A053D2 /* Assets.xcassets */; };
		BC2FCF7C25687F4400A053D2 /* Preview Assets.xcassets in Resources */ = {isa = PBXBuildFile; fileRef = BC2FCF7B25687F4400A053D2 /* Preview Assets.xcassets */; };
		BC2FCF7E25687F4400A053D2 /* Persistence.swift in Sources */ = {isa = PBXBuildFile; fileRef = BC2FCF7D25687F4400A053D2 /* Persistence.swift */; };
		BC2FCF8125687F4400A053D2 /* CoreDataProject.xcdatamodeld in Sources */ = {isa = PBXBuildFile; fileRef = BC2FCF7F25687F4400A053D2 /* CoreDataProject.xcdatamodeld */; };
		BC2FCF96256C34EF00A053D2 /* Singer+CoreDataClass.swift in Sources */ = {isa = PBXBuildFile; fileRef = BC2FCF94256C34EF00A053D2 /* Singer+CoreDataClass.swift */; };
		BC2FCF97256C34EF00A053D2 /* Singer+CoreDataProperties.swift in Sources */ = {isa = PBXBuildFile; fileRef = BC2FCF95256C34EF00A053D2 /* Singer+CoreDataProperties.swift */; };
		BC2FCF9C256C376F00A053D2 /* FilteredList.swift in Sources */ = {isa = PBXBuildFile; fileRef = BC2FCF9B256C376F00A053D2 /* FilteredList.swift */; };
		BC2FCF9F256C3F4100A053D2 /* PredicateType.swift in Sources */ = {isa = PBXBuildFile; fileRef = BC2FCF9E256C3F4100A053D2 /* PredicateType.swift */; };
/* End PBXBuildFile section */

/* Begin PBXFileReference section */
		BC2FCF7125687F4100A053D2 /* CoreDataProject.app */ = {isa = PBXFileReference; explicitFileType = wrapper.application; includeInIndex = 0; path = CoreDataProject.app; sourceTree = BUILT_PRODUCTS_DIR; };
		BC2FCF7425687F4100A053D2 /* CoreDataProjectApp.swift */ = {isa = PBXFileReference; lastKnownFileType = sourcecode.swift; path = CoreDataProjectApp.swift; sourceTree = "<group>"; };
		BC2FCF7625687F4100A053D2 /* ContentView.swift */ = {isa = PBXFileReference; lastKnownFileType = sourcecode.swift; path = ContentView.swift; sourceTree = "<group>"; };
		BC2FCF7825687F4400A053D2 /* Assets.xcassets */ = {isa = PBXFileReference; lastKnownFileType = folder.assetcatalog; path = Assets.xcassets; sourceTree = "<group>"; };
		BC2FCF7B25687F4400A053D2 /* Preview Assets.xcassets */ = {isa = PBXFileReference; lastKnownFileType = folder.assetcatalog; path = "Preview Assets.xcassets"; sourceTree = "<group>"; };
		BC2FCF7D25687F4400A053D2 /* Persistence.swift */ = {isa = PBXFileReference; lastKnownFileType = sourcecode.swift; path = Persistence.swift; sourceTree = "<group>"; };
		BC2FCF8025687F4400A053D2 /* CoreDataProject.xcdatamodel */ = {isa = PBXFileReference; lastKnownFileType = wrapper.xcdatamodel; path = CoreDataProject.xcdatamodel; sourceTree = "<group>"; };
		BC2FCF8225687F4400A053D2 /* Info.plist */ = {isa = PBXFileReference; lastKnownFileType = text.plist.xml; path = Info.plist; sourceTree = "<group>"; };
		BC2FCF94256C34EF00A053D2 /* Singer+CoreDataClass.swift */ = {isa = PBXFileReference; lastKnownFileType = sourcecode.swift; path = "Singer+CoreDataClass.swift"; sourceTree = "<group>"; };
		BC2FCF95256C34EF00A053D2 /* Singer+CoreDataProperties.swift */ = {isa = PBXFileReference; lastKnownFileType = sourcecode.swift; path = "Singer+CoreDataProperties.swift"; sourceTree = "<group>"; };
		BC2FCF9B256C376F00A053D2 /* FilteredList.swift */ = {isa = PBXFileReference; lastKnownFileType = sourcecode.swift; path = FilteredList.swift; sourceTree = "<group>"; };
		BC2FCF9E256C3F4100A053D2 /* PredicateType.swift */ = {isa = PBXFileReference; lastKnownFileType = sourcecode.swift; path = PredicateType.swift; sourceTree = "<group>"; };
/* End PBXFileReference section */

/* Begin PBXFrameworksBuildPhase section */
		BC2FCF6E25687F4100A053D2 /* Frameworks */ = {
			isa = PBXFrameworksBuildPhase;
			buildActionMask = 2147483647;
			files = (
			);
			runOnlyForDeploymentPostprocessing = 0;
		};
/* End PBXFrameworksBuildPhase section */

/* Begin PBXGroup section */
		BC2FCF6825687F4100A053D2 = {
			isa = PBXGroup;
			children = (
				BC2FCF7325687F4100A053D2 /* CoreDataProject */,
				BC2FCF7225687F4100A053D2 /* Products */,
			);
			sourceTree = "<group>";
		};
		BC2FCF7225687F4100A053D2 /* Products */ = {
			isa = PBXGroup;
			children = (
				BC2FCF7125687F4100A053D2 /* CoreDataProject.app */,
			);
			name = Products;
			sourceTree = "<group>";
		};
		BC2FCF7325687F4100A053D2 /* CoreDataProject */ = {
			isa = PBXGroup;
			children = (
				BC2FCF94256C34EF00A053D2 /* Singer+CoreDataClass.swift */,
				BC2FCF95256C34EF00A053D2 /* Singer+CoreDataProperties.swift */,
				BC2FCF7425687F4100A053D2 /* CoreDataProjectApp.swift */,
				BC2FCF7625687F4100A053D2 /* ContentView.swift */,
				BC2FCF7825687F4400A053D2 /* Assets.xcassets */,
				BC2FCF7D25687F4400A053D2 /* Persistence.swift */,
				BC2FCF8225687F4400A053D2 /* Info.plist */,
				BC2FCF7F25687F4400A053D2 /* CoreDataProject.xcdatamodeld */,
				BC2FCF7A25687F4400A053D2 /* Preview Content */,
				BC2FCF9B256C376F00A053D2 /* FilteredList.swift */,
				BC2FCF9E256C3F4100A053D2 /* PredicateType.swift */,
			);
			path = CoreDataProject;
			sourceTree = "<group>";
		};
		BC2FCF7A25687F4400A053D2 /* Preview Content */ = {
			isa = PBXGroup;
			children = (
				BC2FCF7B25687F4400A053D2 /* Preview Assets.xcassets */,
			);
			path = "Preview Content";
			sourceTree = "<group>";
		};
/* End PBXGroup section */

/* Begin PBXNativeTarget section */
		BC2FCF7025687F4100A053D2 /* CoreDataProject */ = {
			isa = PBXNativeTarget;
			buildConfigurationList = BC2FCF8525687F4400A053D2 /* Build configuration list for PBXNativeTarget "CoreDataProject" */;
			buildPhases = (
				BC2FCF6D25687F4100A053D2 /* Sources */,
				BC2FCF6E25687F4100A053D2 /* Frameworks */,
				BC2FCF6F25687F4100A053D2 /* Resources */,
			);
			buildRules = (
			);
			dependencies = (
			);
			name = CoreDataProject;
			productName = CoreDataProject;
			productReference = BC2FCF7125687F4100A053D2 /* CoreDataProject.app */;
			productType = "com.apple.product-type.application";
		};
/* End PBXNativeTarget section */

/* Begin PBXProject section */
		BC2FCF6925687F4100A053D2 /* Project object */ = {
			isa = PBXProject;
			attributes = {
				LastSwiftUpdateCheck = 1220;
				LastUpgradeCheck = 1220;
				TargetAttributes = {
					BC2FCF7025687F4100A053D2 = {
						CreatedOnToolsVersion = 12.2;
					};
				};
			};
			buildConfigurationList = BC2FCF6C25687F4100A053D2 /* Build configuration list for PBXProject "CoreDataProject" */;
			compatibilityVersion = "Xcode 9.3";
			developmentRegion = en;
			hasScannedForEncodings = 0;
			knownRegions = (
				en,
				Base,
			);
			mainGroup = BC2FCF6825687F4100A053D2;
			productRefGroup = BC2FCF7225687F4100A053D2 /* Products */;
			projectDirPath = "";
			projectRoot = "";
			targets = (
				BC2FCF7025687F4100A053D2 /* CoreDataProject */,
			);
		};
/* End PBXProject section */

/* Begin PBXResourcesBuildPhase section */
		BC2FCF6F25687F4100A053D2 /* Resources */ = {
			isa = PBXResourcesBuildPhase;
			buildActionMask = 2147483647;
			files = (
				BC2FCF7C25687F4400A053D2 /* Preview Assets.xcassets in Resources */,
				BC2FCF7925687F4400A053D2 /* Assets.xcassets in Resources */,
			);
			runOnlyForDeploymentPostprocessing = 0;
		};
/* End PBXResourcesBuildPhase section */

/* Begin PBXSourcesBuildPhase section */
		BC2FCF6D25687F4100A053D2 /* Sources */ = {
			isa = PBXSourcesBuildPhase;
			buildActionMask = 2147483647;
			files = (
				BC2FCF96256C34EF00A053D2 /* Singer+CoreDataClass.swift in Sources */,
				BC2FCF9F256C3F4100A053D2 /* PredicateType.swift in Sources */,
				BC2FCF7E25687F4400A053D2 /* Persistence.swift in Sources */,
				BC2FCF7725687F4100A053D2 /* ContentView.swift in Sources */,
				BC2FCF8125687F4400A053D2 /* CoreDataProject.xcdatamodeld in Sources */,
				BC2FCF97256C34EF00A053D2 /* Singer+CoreDataProperties.swift in Sources */,
				BC2FCF7525687F4100A053D2 /* CoreDataProjectApp.swift in Sources */,
				BC2FCF9C256C376F00A053D2 /* FilteredList.swift in Sources */,
			);
			runOnlyForDeploymentPostprocessing = 0;
		};
/* End PBXSourcesBuildPhase section */

/* Begin XCBuildConfiguration section */
		BC2FCF8325687F4400A053D2 /* Debug */ = {
			isa = XCBuildConfiguration;
			buildSettings = {
				ALWAYS_SEARCH_USER_PATHS = NO;
				CLANG_ANALYZER_NONNULL = YES;
				CLANG_ANALYZER_NUMBER_OBJECT_CONVERSION = YES_AGGRESSIVE;
				CLANG_CXX_LANGUAGE_STANDARD = "gnu++14";
				CLANG_CXX_LIBRARY = "libc++";
				CLANG_ENABLE_MODULES = YES;
				CLANG_ENABLE_OBJC_ARC = YES;
				CLANG_ENABLE_OBJC_WEAK = YES;
				CLANG_WARN_BLOCK_CAPTURE_AUTORELEASING = YES;
				CLANG_WARN_BOOL_CONVERSION = YES;
				CLANG_WARN_COMMA = YES;
				CLANG_WARN_CONSTANT_CONVERSION = YES;
				CLANG_WARN_DEPRECATED_OBJC_IMPLEMENTATIONS = YES;
				CLANG_WARN_DIRECT_OBJC_ISA_USAGE = YES_ERROR;
				CLANG_WARN_DOCUMENTATION_COMMENTS = YES;
				CLANG_WARN_EMPTY_BODY = YES;
				CLANG_WARN_ENUM_CONVERSION = YES;
				CLANG_WARN_INFINITE_RECURSION = YES;
				CLANG_WARN_INT_CONVERSION = YES;
				CLANG_WARN_NON_LITERAL_NULL_CONVERSION = YES;
				CLANG_WARN_OBJC_IMPLICIT_RETAIN_SELF = YES;
				CLANG_WARN_OBJC_LITERAL_CONVERSION = YES;
				CLANG_WARN_OBJC_ROOT_CLASS = YES_ERROR;
				CLANG_WARN_QUOTED_INCLUDE_IN_FRAMEWORK_HEADER = YES;
				CLANG_WARN_RANGE_LOOP_ANALYSIS = YES;
				CLANG_WARN_STRICT_PROTOTYPES = YES;
				CLANG_WARN_SUSPICIOUS_MOVE = YES;
				CLANG_WARN_UNGUARDED_AVAILABILITY = YES_AGGRESSIVE;
				CLANG_WARN_UNREACHABLE_CODE = YES;
				CLANG_WARN__DUPLICATE_METHOD_MATCH = YES;
				COPY_PHASE_STRIP = NO;
				DEBUG_INFORMATION_FORMAT = dwarf;
				ENABLE_STRICT_OBJC_MSGSEND = YES;
				ENABLE_TESTABILITY = YES;
				GCC_C_LANGUAGE_STANDARD = gnu11;
				GCC_DYNAMIC_NO_PIC = NO;
				GCC_NO_COMMON_BLOCKS = YES;
				GCC_OPTIMIZATION_LEVEL = 0;
				GCC_PREPROCESSOR_DEFINITIONS = (
					"DEBUG=1",
					"$(inherited)",
				);
				GCC_WARN_64_TO_32_BIT_CONVERSION = YES;
				GCC_WARN_ABOUT_RETURN_TYPE = YES_ERROR;
				GCC_WARN_UNDECLARED_SELECTOR = YES;
				GCC_WARN_UNINITIALIZED_AUTOS = YES_AGGRESSIVE;
				GCC_WARN_UNUSED_FUNCTION = YES;
				GCC_WARN_UNUSED_VARIABLE = YES;
				IPHONEOS_DEPLOYMENT_TARGET = 14.2;
				MTL_ENABLE_DEBUG_INFO = INCLUDE_SOURCE;
				MTL_FAST_MATH = YES;
				ONLY_ACTIVE_ARCH = YES;
				SDKROOT = iphoneos;
				SWIFT_ACTIVE_COMPILATION_CONDITIONS = DEBUG;
				SWIFT_OPTIMIZATION_LEVEL = "-Onone";
			};
			name = Debug;
		};
		BC2FCF8425687F4400A053D2 /* Release */ = {
			isa = XCBuildConfiguration;
			buildSettings = {
				ALWAYS_SEARCH_USER_PATHS = NO;
				CLANG_ANALYZER_NONNULL = YES;
				CLANG_ANALYZER_NUMBER_OBJECT_CONVERSION = YES_AGGRESSIVE;
				CLANG_CXX_LANGUAGE_STANDARD = "gnu++14";
				CLANG_CXX_LIBRARY = "libc++";
				CLANG_ENABLE_MODULES = YES;
				CLANG_ENABLE_OBJC_ARC = YES;
				CLANG_ENABLE_OBJC_WEAK = YES;
				CLANG_WARN_BLOCK_CAPTURE_AUTORELEASING = YES;
				CLANG_WARN_BOOL_CONVERSION = YES;
				CLANG_WARN_COMMA = YES;
				CLANG_WARN_CONSTANT_CONVERSION = YES;
				CLANG_WARN_DEPRECATED_OBJC_IMPLEMENTATIONS = YES;
				CLANG_WARN_DIRECT_OBJC_ISA_USAGE = YES_ERROR;
				CLANG_WARN_DOCUMENTATION_COMMENTS = YES;
				CLANG_WARN_EMPTY_BODY = YES;
				CLANG_WARN_ENUM_CONVERSION = YES;
				CLANG_WARN_INFINITE_RECURSION = YES;
				CLANG_WARN_INT_CONVERSION = YES;
				CLANG_WARN_NON_LITERAL_NULL_CONVERSION = YES;
				CLANG_WARN_OBJC_IMPLICIT_RETAIN_SELF = YES;
				CLANG_WARN_OBJC_LITERAL_CONVERSION = YES;
				CLANG_WARN_OBJC_ROOT_CLASS = YES_ERROR;
				CLANG_WARN_QUOTED_INCLUDE_IN_FRAMEWORK_HEADER = YES;
				CLANG_WARN_RANGE_LOOP_ANALYSIS = YES;
				CLANG_WARN_STRICT_PROTOTYPES = YES;
				CLANG_WARN_SUSPICIOUS_MOVE = YES;
				CLANG_WARN_UNGUARDED_AVAILABILITY = YES_AGGRESSIVE;
				CLANG_WARN_UNREACHABLE_CODE = YES;
				CLANG_WARN__DUPLICATE_METHOD_MATCH = YES;
				COPY_PHASE_STRIP = NO;
				DEBUG_INFORMATION_FORMAT = "dwarf-with-dsym";
				ENABLE_NS_ASSERTIONS = NO;
				ENABLE_STRICT_OBJC_MSGSEND = YES;
				GCC_C_LANGUAGE_STANDARD = gnu11;
				GCC_NO_COMMON_BLOCKS = YES;
				GCC_WARN_64_TO_32_BIT_CONVERSION = YES;
				GCC_WARN_ABOUT_RETURN_TYPE = YES_ERROR;
				GCC_WARN_UNDECLARED_SELECTOR = YES;
				GCC_WARN_UNINITIALIZED_AUTOS = YES_AGGRESSIVE;
				GCC_WARN_UNUSED_FUNCTION = YES;
				GCC_WARN_UNUSED_VARIABLE = YES;
				IPHONEOS_DEPLOYMENT_TARGET = 14.2;
				MTL_ENABLE_DEBUG_INFO = NO;
				MTL_FAST_MATH = YES;
				SDKROOT = iphoneos;
				SWIFT_COMPILATION_MODE = wholemodule;
				SWIFT_OPTIMIZATION_LEVEL = "-O";
				VALIDATE_PRODUCT = YES;
			};
			name = Release;
		};
		BC2FCF8625687F4400A053D2 /* Debug */ = {
			isa = XCBuildConfiguration;
			buildSettings = {
				ASSETCATALOG_COMPILER_APPICON_NAME = AppIcon;
				ASSETCATALOG_COMPILER_GLOBAL_ACCENT_COLOR_NAME = AccentColor;
				CODE_SIGN_STYLE = Automatic;
				DEVELOPMENT_ASSET_PATHS = "\"CoreDataProject/Preview Content\"";
				DEVELOPMENT_TEAM = 85X77AD2MQ;
				ENABLE_PREVIEWS = YES;
				INFOPLIST_FILE = CoreDataProject/Info.plist;
				IPHONEOS_DEPLOYMENT_TARGET = 14.0;
				LD_RUNPATH_SEARCH_PATHS = (
					"$(inherited)",
					"@executable_path/Frameworks",
				);
				PRODUCT_BUNDLE_IDENTIFIER = com.julietterapala.CoreDataProject;
				PRODUCT_NAME = "$(TARGET_NAME)";
				SWIFT_VERSION = 5.0;
				TARGETED_DEVICE_FAMILY = "1,2";
			};
			name = Debug;
		};
		BC2FCF8725687F4400A053D2 /* Release */ = {
			isa = XCBuildConfiguration;
			buildSettings = {
				ASSETCATALOG_COMPILER_APPICON_NAME = AppIcon;
				ASSETCATALOG_COMPILER_GLOBAL_ACCENT_COLOR_NAME = AccentColor;
				CODE_SIGN_STYLE = Automatic;
				DEVELOPMENT_ASSET_PATHS = "\"CoreDataProject/Preview Content\"";
				DEVELOPMENT_TEAM = 85X77AD2MQ;
				ENABLE_PREVIEWS = YES;
				INFOPLIST_FILE = CoreDataProject/Info.plist;
				IPHONEOS_DEPLOYMENT_TARGET = 14.0;
				LD_RUNPATH_SEARCH_PATHS = (
					"$(inherited)",
					"@executable_path/Frameworks",
				);
				PRODUCT_BUNDLE_IDENTIFIER = com.julietterapala.CoreDataProject;
				PRODUCT_NAME = "$(TARGET_NAME)";
				SWIFT_VERSION = 5.0;
				TARGETED_DEVICE_FAMILY = "1,2";
			};
			name = Release;
		};
/* End XCBuildConfiguration section */

/* Begin XCConfigurationList section */
		BC2FCF6C25687F4100A053D2 /* Build configuration list for PBXProject "CoreDataProject" */ = {
			isa = XCConfigurationList;
			buildConfigurations = (
				BC2FCF8325687F4400A053D2 /* Debug */,
				BC2FCF8425687F4400A053D2 /* Release */,
			);
			defaultConfigurationIsVisible = 0;
			defaultConfigurationName = Release;
		};
		BC2FCF8525687F4400A053D2 /* Build configuration list for PBXNativeTarget "CoreDataProject" */ = {
			isa = XCConfigurationList;
			buildConfigurations = (
				BC2FCF8625687F4400A053D2 /* Debug */,
				BC2FCF8725687F4400A053D2 /* Release */,
			);
			defaultConfigurationIsVisible = 0;
			defaultConfigurationName = Release;
		};
/* End XCConfigurationList section */

/* Begin XCVersionGroup section */
		BC2FCF7F25687F4400A053D2 /* CoreDataProject.xcdatamodeld */ = {
			isa = XCVersionGroup;
			children = (
				BC2FCF8025687F4400A053D2 /* CoreDataProject.xcdatamodel */,
			);
			currentVersion = BC2FCF8025687F4400A053D2 /* CoreDataProject.xcdatamodel */;
			path = CoreDataProject.xcdatamodeld;
			sourceTree = "<group>";
			versionGroupType = wrapper.xcdatamodel;
		};
/* End XCVersionGroup section */
	};
	rootObject = BC2FCF6925687F4100A053D2 /* Project object */;
}
